// !$*UTF8*$!
{
	archiveVersion = 1;
	classes = {
	};
	objectVersion = 55;
	objects = {

/* Begin PBXBuildFile section */
		9B6DEABE2980358C0043243B /* DetailsScreen.swift in Sources */ = {isa = PBXBuildFile; fileRef = 9B6DEABD2980358C0043243B /* DetailsScreen.swift */; };
		9B88A815297FF7DD00BB9A4A /* CountirsUsingGraphQlApp.swift in Sources */ = {isa = PBXBuildFile; fileRef = 9B88A814297FF7DD00BB9A4A /* CountirsUsingGraphQlApp.swift */; };
		9B88A817297FF7DD00BB9A4A /* ContentView.swift in Sources */ = {isa = PBXBuildFile; fileRef = 9B88A816297FF7DD00BB9A4A /* ContentView.swift */; };
		9B88A819297FF7E000BB9A4A /* Assets.xcassets in Resources */ = {isa = PBXBuildFile; fileRef = 9B88A818297FF7E000BB9A4A /* Assets.xcassets */; };
		9B88A81C297FF7E000BB9A4A /* Preview Assets.xcassets in Resources */ = {isa = PBXBuildFile; fileRef = 9B88A81B297FF7E000BB9A4A /* Preview Assets.xcassets */; };
		9B88A826297FF7E100BB9A4A /* CountirsUsingGraphQlTests.swift in Sources */ = {isa = PBXBuildFile; fileRef = 9B88A825297FF7E100BB9A4A /* CountirsUsingGraphQlTests.swift */; };
		9B88A830297FF7E100BB9A4A /* CountirsUsingGraphQlUITests.swift in Sources */ = {isa = PBXBuildFile; fileRef = 9B88A82F297FF7E100BB9A4A /* CountirsUsingGraphQlUITests.swift */; };
		9B88A832297FF7E100BB9A4A /* CountirsUsingGraphQlUITestsLaunchTests.swift in Sources */ = {isa = PBXBuildFile; fileRef = 9B88A831297FF7E100BB9A4A /* CountirsUsingGraphQlUITestsLaunchTests.swift */; };
		9B88A84F297FFBC500BB9A4A /* queries.graphql in Resources */ = {isa = PBXBuildFile; fileRef = 9B88A84E297FFBC500BB9A4A /* queries.graphql */; };
		9B88A86A2980003C00BB9A4A /* Apollo in Frameworks */ = {isa = PBXBuildFile; productRef = 9B88A8692980003C00BB9A4A /* Apollo */; };
		9B88A86D298002DD00BB9A4A /* schema.json in Resources */ = {isa = PBXBuildFile; fileRef = 9B88A86C298002DD00BB9A4A /* schema.json */; };
		9B88A86F2980030300BB9A4A /* API.swift in Sources */ = {isa = PBXBuildFile; fileRef = 9B88A86E2980030300BB9A4A /* API.swift */; };
		9B88A8712980044500BB9A4A /* network.swift in Sources */ = {isa = PBXBuildFile; fileRef = 9B88A8702980044500BB9A4A /* network.swift */; };
/* End PBXBuildFile section */

/* Begin PBXContainerItemProxy section */
		9B88A822297FF7E100BB9A4A /* PBXContainerItemProxy */ = {
			isa = PBXContainerItemProxy;
			containerPortal = 9B88A809297FF7DD00BB9A4A /* Project object */;
			proxyType = 1;
			remoteGlobalIDString = 9B88A810297FF7DD00BB9A4A;
			remoteInfo = CountirsUsingGraphQl;
		};
		9B88A82C297FF7E100BB9A4A /* PBXContainerItemProxy */ = {
			isa = PBXContainerItemProxy;
			containerPortal = 9B88A809297FF7DD00BB9A4A /* Project object */;
			proxyType = 1;
			remoteGlobalIDString = 9B88A810297FF7DD00BB9A4A;
			remoteInfo = CountirsUsingGraphQl;
		};
/* End PBXContainerItemProxy section */

/* Begin PBXFileReference section */
		9B6DEABD2980358C0043243B /* DetailsScreen.swift */ = {isa = PBXFileReference; lastKnownFileType = sourcecode.swift; path = DetailsScreen.swift; sourceTree = "<group>"; };
		9B88A811297FF7DD00BB9A4A /* CountirsUsingGraphQl.app */ = {isa = PBXFileReference; explicitFileType = wrapper.application; includeInIndex = 0; path = CountirsUsingGraphQl.app; sourceTree = BUILT_PRODUCTS_DIR; };
		9B88A814297FF7DD00BB9A4A /* CountirsUsingGraphQlApp.swift */ = {isa = PBXFileReference; lastKnownFileType = sourcecode.swift; path = CountirsUsingGraphQlApp.swift; sourceTree = "<group>"; };
		9B88A816297FF7DD00BB9A4A /* ContentView.swift */ = {isa = PBXFileReference; lastKnownFileType = sourcecode.swift; path = ContentView.swift; sourceTree = "<group>"; };
		9B88A818297FF7E000BB9A4A /* Assets.xcassets */ = {isa = PBXFileReference; lastKnownFileType = folder.assetcatalog; path = Assets.xcassets; sourceTree = "<group>"; };
		9B88A81B297FF7E000BB9A4A /* Preview Assets.xcassets */ = {isa = PBXFileReference; lastKnownFileType = folder.assetcatalog; path = "Preview Assets.xcassets"; sourceTree = "<group>"; };
		9B88A821297FF7E100BB9A4A /* CountirsUsingGraphQlTests.xctest */ = {isa = PBXFileReference; explicitFileType = wrapper.cfbundle; includeInIndex = 0; path = CountirsUsingGraphQlTests.xctest; sourceTree = BUILT_PRODUCTS_DIR; };
		9B88A825297FF7E100BB9A4A /* CountirsUsingGraphQlTests.swift */ = {isa = PBXFileReference; lastKnownFileType = sourcecode.swift; path = CountirsUsingGraphQlTests.swift; sourceTree = "<group>"; };
		9B88A82B297FF7E100BB9A4A /* CountirsUsingGraphQlUITests.xctest */ = {isa = PBXFileReference; explicitFileType = wrapper.cfbundle; includeInIndex = 0; path = CountirsUsingGraphQlUITests.xctest; sourceTree = BUILT_PRODUCTS_DIR; };
		9B88A82F297FF7E100BB9A4A /* CountirsUsingGraphQlUITests.swift */ = {isa = PBXFileReference; lastKnownFileType = sourcecode.swift; path = CountirsUsingGraphQlUITests.swift; sourceTree = "<group>"; };
		9B88A831297FF7E100BB9A4A /* CountirsUsingGraphQlUITestsLaunchTests.swift */ = {isa = PBXFileReference; lastKnownFileType = sourcecode.swift; path = CountirsUsingGraphQlUITestsLaunchTests.swift; sourceTree = "<group>"; };
		9B88A84E297FFBC500BB9A4A /* queries.graphql */ = {isa = PBXFileReference; lastKnownFileType = text; path = queries.graphql; sourceTree = "<group>"; };
		9B88A86C298002DD00BB9A4A /* schema.json */ = {isa = PBXFileReference; fileEncoding = 4; lastKnownFileType = text.json; path = schema.json; sourceTree = "<group>"; };
		9B88A86E2980030300BB9A4A /* API.swift */ = {isa = PBXFileReference; fileEncoding = 4; lastKnownFileType = sourcecode.swift; path = API.swift; sourceTree = "<group>"; };
		9B88A8702980044500BB9A4A /* network.swift */ = {isa = PBXFileReference; lastKnownFileType = sourcecode.swift; path = network.swift; sourceTree = "<group>"; };
/* End PBXFileReference section */

/* Begin PBXFrameworksBuildPhase section */
		9B88A80E297FF7DD00BB9A4A /* Frameworks */ = {
			isa = PBXFrameworksBuildPhase;
			buildActionMask = 2147483647;
			files = (
				9B88A86A2980003C00BB9A4A /* Apollo in Frameworks */,
			);
			runOnlyForDeploymentPostprocessing = 0;
		};
		9B88A81E297FF7E100BB9A4A /* Frameworks */ = {
			isa = PBXFrameworksBuildPhase;
			buildActionMask = 2147483647;
			files = (
			);
			runOnlyForDeploymentPostprocessing = 0;
		};
		9B88A828297FF7E100BB9A4A /* Frameworks */ = {
			isa = PBXFrameworksBuildPhase;
			buildActionMask = 2147483647;
			files = (
			);
			runOnlyForDeploymentPostprocessing = 0;
		};
/* End PBXFrameworksBuildPhase section */

/* Begin PBXGroup section */
		9B88A808297FF7DD00BB9A4A = {
			isa = PBXGroup;
			children = (
				9B88A813297FF7DD00BB9A4A /* CountirsUsingGraphQl */,
				9B88A824297FF7E100BB9A4A /* CountirsUsingGraphQlTests */,
				9B88A82E297FF7E100BB9A4A /* CountirsUsingGraphQlUITests */,
				9B88A812297FF7DD00BB9A4A /* Products */,
			);
			sourceTree = "<group>";
		};
		9B88A812297FF7DD00BB9A4A /* Products */ = {
			isa = PBXGroup;
			children = (
				9B88A811297FF7DD00BB9A4A /* CountirsUsingGraphQl.app */,
				9B88A821297FF7E100BB9A4A /* CountirsUsingGraphQlTests.xctest */,
				9B88A82B297FF7E100BB9A4A /* CountirsUsingGraphQlUITests.xctest */,
			);
			name = Products;
			sourceTree = "<group>";
		};
		9B88A813297FF7DD00BB9A4A /* CountirsUsingGraphQl */ = {
			isa = PBXGroup;
			children = (
				9B88A86E2980030300BB9A4A /* API.swift */,
				9B88A86C298002DD00BB9A4A /* schema.json */,
				9B88A84D297FFB9600BB9A4A /* GraphQl */,
				9B88A814297FF7DD00BB9A4A /* CountirsUsingGraphQlApp.swift */,
				9B88A816297FF7DD00BB9A4A /* ContentView.swift */,
				9B6DEABD2980358C0043243B /* DetailsScreen.swift */,
				9B88A818297FF7E000BB9A4A /* Assets.xcassets */,
				9B88A81A297FF7E000BB9A4A /* Preview Content */,
				9B88A8702980044500BB9A4A /* network.swift */,
			);
			path = CountirsUsingGraphQl;
			sourceTree = "<group>";
		};
		9B88A81A297FF7E000BB9A4A /* Preview Content */ = {
			isa = PBXGroup;
			children = (
				9B88A81B297FF7E000BB9A4A /* Preview Assets.xcassets */,
			);
			path = "Preview Content";
			sourceTree = "<group>";
		};
		9B88A824297FF7E100BB9A4A /* CountirsUsingGraphQlTests */ = {
			isa = PBXGroup;
			children = (
				9B88A825297FF7E100BB9A4A /* CountirsUsingGraphQlTests.swift */,
			);
			path = CountirsUsingGraphQlTests;
			sourceTree = "<group>";
		};
		9B88A82E297FF7E100BB9A4A /* CountirsUsingGraphQlUITests */ = {
			isa = PBXGroup;
			children = (
				9B88A82F297FF7E100BB9A4A /* CountirsUsingGraphQlUITests.swift */,
				9B88A831297FF7E100BB9A4A /* CountirsUsingGraphQlUITestsLaunchTests.swift */,
			);
			path = CountirsUsingGraphQlUITests;
			sourceTree = "<group>";
		};
		9B88A84D297FFB9600BB9A4A /* GraphQl */ = {
			isa = PBXGroup;
			children = (
				9B88A84E297FFBC500BB9A4A /* queries.graphql */,
			);
			path = GraphQl;
			sourceTree = "<group>";
		};
/* End PBXGroup section */

/* Begin PBXNativeTarget section */
		9B88A810297FF7DD00BB9A4A /* CountirsUsingGraphQl */ = {
			isa = PBXNativeTarget;
			buildConfigurationList = 9B88A835297FF7E100BB9A4A /* Build configuration list for PBXNativeTarget "CountirsUsingGraphQl" */;
			buildPhases = (
				9B88A86B2980021200BB9A4A /* Generate API */,
				9B88A80D297FF7DD00BB9A4A /* Sources */,
				9B88A80E297FF7DD00BB9A4A /* Frameworks */,
				9B88A80F297FF7DD00BB9A4A /* Resources */,
			);
			buildRules = (
			);
			dependencies = (
			);
			name = CountirsUsingGraphQl;
			packageProductDependencies = (
				9B88A8692980003C00BB9A4A /* Apollo */,
			);
			productName = CountirsUsingGraphQl;
			productReference = 9B88A811297FF7DD00BB9A4A /* CountirsUsingGraphQl.app */;
			productType = "com.apple.product-type.application";
		};
		9B88A820297FF7E100BB9A4A /* CountirsUsingGraphQlTests */ = {
			isa = PBXNativeTarget;
			buildConfigurationList = 9B88A838297FF7E100BB9A4A /* Build configuration list for PBXNativeTarget "CountirsUsingGraphQlTests" */;
			buildPhases = (
				9B88A81D297FF7E100BB9A4A /* Sources */,
				9B88A81E297FF7E100BB9A4A /* Frameworks */,
				9B88A81F297FF7E100BB9A4A /* Resources */,
			);
			buildRules = (
			);
			dependencies = (
				9B88A823297FF7E100BB9A4A /* PBXTargetDependency */,
			);
			name = CountirsUsingGraphQlTests;
			productName = CountirsUsingGraphQlTests;
			productReference = 9B88A821297FF7E100BB9A4A /* CountirsUsingGraphQlTests.xctest */;
			productType = "com.apple.product-type.bundle.unit-test";
		};
		9B88A82A297FF7E100BB9A4A /* CountirsUsingGraphQlUITests */ = {
			isa = PBXNativeTarget;
			buildConfigurationList = 9B88A83B297FF7E100BB9A4A /* Build configuration list for PBXNativeTarget "CountirsUsingGraphQlUITests" */;
			buildPhases = (
				9B88A827297FF7E100BB9A4A /* Sources */,
				9B88A828297FF7E100BB9A4A /* Frameworks */,
				9B88A829297FF7E100BB9A4A /* Resources */,
			);
			buildRules = (
			);
			dependencies = (
				9B88A82D297FF7E100BB9A4A /* PBXTargetDependency */,
			);
			name = CountirsUsingGraphQlUITests;
			productName = CountirsUsingGraphQlUITests;
			productReference = 9B88A82B297FF7E100BB9A4A /* CountirsUsingGraphQlUITests.xctest */;
			productType = "com.apple.product-type.bundle.ui-testing";
		};
/* End PBXNativeTarget section */

/* Begin PBXProject section */
		9B88A809297FF7DD00BB9A4A /* Project object */ = {
			isa = PBXProject;
			attributes = {
				BuildIndependentTargetsInParallel = 1;
				LastSwiftUpdateCheck = 1340;
				LastUpgradeCheck = 1340;
				TargetAttributes = {
					9B88A810297FF7DD00BB9A4A = {
						CreatedOnToolsVersion = 13.4.1;
					};
					9B88A820297FF7E100BB9A4A = {
						CreatedOnToolsVersion = 13.4.1;
						TestTargetID = 9B88A810297FF7DD00BB9A4A;
					};
					9B88A82A297FF7E100BB9A4A = {
						CreatedOnToolsVersion = 13.4.1;
						TestTargetID = 9B88A810297FF7DD00BB9A4A;
					};
				};
			};
			buildConfigurationList = 9B88A80C297FF7DD00BB9A4A /* Build configuration list for PBXProject "CountirsUsingGraphQl" */;
			compatibilityVersion = "Xcode 13.0";
			developmentRegion = en;
			hasScannedForEncodings = 0;
			knownRegions = (
				en,
				Base,
			);
			mainGroup = 9B88A808297FF7DD00BB9A4A;
			packageReferences = (
				9B88A8682980003C00BB9A4A /* XCRemoteSwiftPackageReference "apollo-ios" */,
			);
			productRefGroup = 9B88A812297FF7DD00BB9A4A /* Products */;
			projectDirPath = "";
			projectRoot = "";
			targets = (
				9B88A810297FF7DD00BB9A4A /* CountirsUsingGraphQl */,
				9B88A820297FF7E100BB9A4A /* CountirsUsingGraphQlTests */,
				9B88A82A297FF7E100BB9A4A /* CountirsUsingGraphQlUITests */,
			);
		};
/* End PBXProject section */

/* Begin PBXResourcesBuildPhase section */
		9B88A80F297FF7DD00BB9A4A /* Resources */ = {
			isa = PBXResourcesBuildPhase;
			buildActionMask = 2147483647;
			files = (
				9B88A86D298002DD00BB9A4A /* schema.json in Resources */,
				9B88A81C297FF7E000BB9A4A /* Preview Assets.xcassets in Resources */,
				9B88A84F297FFBC500BB9A4A /* queries.graphql in Resources */,
				9B88A819297FF7E000BB9A4A /* Assets.xcassets in Resources */,
			);
			runOnlyForDeploymentPostprocessing = 0;
		};
		9B88A81F297FF7E100BB9A4A /* Resources */ = {
			isa = PBXResourcesBuildPhase;
			buildActionMask = 2147483647;
			files = (
			);
			runOnlyForDeploymentPostprocessing = 0;
		};
		9B88A829297FF7E100BB9A4A /* Resources */ = {
			isa = PBXResourcesBuildPhase;
			buildActionMask = 2147483647;
			files = (
			);
			runOnlyForDeploymentPostprocessing = 0;
		};
/* End PBXResourcesBuildPhase section */

/* Begin PBXShellScriptBuildPhase section */
		9B88A86B2980021200BB9A4A /* Generate API */ = {
			isa = PBXShellScriptBuildPhase;
			buildActionMask = 2147483647;
			files = (
			);
			inputFileListPaths = (
			);
			inputPaths = (
			);
			name = "Generate API";
			outputFileListPaths = (
			);
			outputPaths = (
			);
			runOnlyForDeploymentPostprocessing = 0;
			shellPath = /bin/sh;
			shellScript = "# Don't run this during index builds\nif [ $ACTION = \"indexbuild\" ]; then exit 0; fi\n\n# Go to the build root and search up the chain to find the Derived Data Path where the source packages are checked out.\nDERIVED_DATA_CANDIDATE=\"${BUILD_ROOT}\"\n\nwhile ! [ -d \"${DERIVED_DATA_CANDIDATE}/SourcePackages\" ]; do\n  if [ \"${DERIVED_DATA_CANDIDATE}\" = / ]; then\n    echo >&2 \"error: Unable to locate SourcePackages directory from BUILD_ROOT: '${BUILD_ROOT}'\"\n    exit 1\n  fi\n\n  DERIVED_DATA_CANDIDATE=\"$(dirname \"${DERIVED_DATA_CANDIDATE}\")\"\ndone\n\n# Grab a reference to the directory where scripts are checked out\nSCRIPT_PATH=\"${DERIVED_DATA_CANDIDATE}/SourcePackages/checkouts/apollo-ios/scripts\"\n\nif [ -z \"${SCRIPT_PATH}\" ]; then\n    echo >&2 \"error: Couldn't find the CLI script in your checked out SPM packages; make sure to add the framework to your project.\"\n    exit 1\nfi\n\ncd \"${SRCROOT}/${TARGET_NAME}\"\n\"${SCRIPT_PATH}\"/run-bundled-codegen.sh codegen:generate --target=swift --includes=./**/*.graphql --localSchemaFile=\"schema.json\" API.swift\n";
		};
/* End PBXShellScriptBuildPhase section */

/* Begin PBXSourcesBuildPhase section */
		9B88A80D297FF7DD00BB9A4A /* Sources */ = {
			isa = PBXSourcesBuildPhase;
			buildActionMask = 2147483647;
			files = (
				9B88A817297FF7DD00BB9A4A /* ContentView.swift in Sources */,
				9B88A86F2980030300BB9A4A /* API.swift in Sources */,
				9B6DEABE2980358C0043243B /* DetailsScreen.swift in Sources */,
				9B88A8712980044500BB9A4A /* network.swift in Sources */,
				9B88A815297FF7DD00BB9A4A /* CountirsUsingGraphQlApp.swift in Sources */,
			);
			runOnlyForDeploymentPostprocessing = 0;
		};
		9B88A81D297FF7E100BB9A4A /* Sources */ = {
			isa = PBXSourcesBuildPhase;
			buildActionMask = 2147483647;
			files = (
				9B88A826297FF7E100BB9A4A /* CountirsUsingGraphQlTests.swift in Sources */,
			);
			runOnlyForDeploymentPostprocessing = 0;
		};
		9B88A827297FF7E100BB9A4A /* Sources */ = {
			isa = PBXSourcesBuildPhase;
			buildActionMask = 2147483647;
			files = (
				9B88A832297FF7E100BB9A4A /* CountirsUsingGraphQlUITestsLaunchTests.swift in Sources */,
				9B88A830297FF7E100BB9A4A /* CountirsUsingGraphQlUITests.swift in Sources */,
			);
			runOnlyForDeploymentPostprocessing = 0;
		};
/* End PBXSourcesBuildPhase section */

/* Begin PBXTargetDependency section */
		9B88A823297FF7E100BB9A4A /* PBXTargetDependency */ = {
			isa = PBXTargetDependency;
			target = 9B88A810297FF7DD00BB9A4A /* CountirsUsingGraphQl */;
			targetProxy = 9B88A822297FF7E100BB9A4A /* PBXContainerItemProxy */;
		};
		9B88A82D297FF7E100BB9A4A /* PBXTargetDependency */ = {
			isa = PBXTargetDependency;
			target = 9B88A810297FF7DD00BB9A4A /* CountirsUsingGraphQl */;
			targetProxy = 9B88A82C297FF7E100BB9A4A /* PBXContainerItemProxy */;
		};
/* End PBXTargetDependency section */

/* Begin XCBuildConfiguration section */
		9B88A833297FF7E100BB9A4A /* Debug */ = {
			isa = XCBuildConfiguration;
			buildSettings = {
				ALWAYS_SEARCH_USER_PATHS = NO;
				CLANG_ANALYZER_NONNULL = YES;
				CLANG_ANALYZER_NUMBER_OBJECT_CONVERSION = YES_AGGRESSIVE;
				CLANG_CXX_LANGUAGE_STANDARD = "gnu++17";
				CLANG_ENABLE_MODULES = YES;
				CLANG_ENABLE_OBJC_ARC = YES;
				CLANG_ENABLE_OBJC_WEAK = YES;
				CLANG_WARN_BLOCK_CAPTURE_AUTORELEASING = YES;
				CLANG_WARN_BOOL_CONVERSION = YES;
				CLANG_WARN_COMMA = YES;
				CLANG_WARN_CONSTANT_CONVERSION = YES;
				CLANG_WARN_DEPRECATED_OBJC_IMPLEMENTATIONS = YES;
				CLANG_WARN_DIRECT_OBJC_ISA_USAGE = YES_ERROR;
				CLANG_WARN_DOCUMENTATION_COMMENTS = YES;
				CLANG_WARN_EMPTY_BODY = YES;
				CLANG_WARN_ENUM_CONVERSION = YES;
				CLANG_WARN_INFINITE_RECURSION = YES;
				CLANG_WARN_INT_CONVERSION = YES;
				CLANG_WARN_NON_LITERAL_NULL_CONVERSION = YES;
				CLANG_WARN_OBJC_IMPLICIT_RETAIN_SELF = YES;
				CLANG_WARN_OBJC_LITERAL_CONVERSION = YES;
				CLANG_WARN_OBJC_ROOT_CLASS = YES_ERROR;
				CLANG_WARN_QUOTED_INCLUDE_IN_FRAMEWORK_HEADER = YES;
				CLANG_WARN_RANGE_LOOP_ANALYSIS = YES;
				CLANG_WARN_STRICT_PROTOTYPES = YES;
				CLANG_WARN_SUSPICIOUS_MOVE = YES;
				CLANG_WARN_UNGUARDED_AVAILABILITY = YES_AGGRESSIVE;
				CLANG_WARN_UNREACHABLE_CODE = YES;
				CLANG_WARN__DUPLICATE_METHOD_MATCH = YES;
				COPY_PHASE_STRIP = NO;
				DEBUG_INFORMATION_FORMAT = dwarf;
				ENABLE_STRICT_OBJC_MSGSEND = YES;
				ENABLE_TESTABILITY = YES;
				GCC_C_LANGUAGE_STANDARD = gnu11;
				GCC_DYNAMIC_NO_PIC = NO;
				GCC_NO_COMMON_BLOCKS = YES;
				GCC_OPTIMIZATION_LEVEL = 0;
				GCC_PREPROCESSOR_DEFINITIONS = (
					"DEBUG=1",
					"$(inherited)",
				);
				GCC_WARN_64_TO_32_BIT_CONVERSION = YES;
				GCC_WARN_ABOUT_RETURN_TYPE = YES_ERROR;
				GCC_WARN_UNDECLARED_SELECTOR = YES;
				GCC_WARN_UNINITIALIZED_AUTOS = YES_AGGRESSIVE;
				GCC_WARN_UNUSED_FUNCTION = YES;
				GCC_WARN_UNUSED_VARIABLE = YES;
				IPHONEOS_DEPLOYMENT_TARGET = 15.5;
				MTL_ENABLE_DEBUG_INFO = INCLUDE_SOURCE;
				MTL_FAST_MATH = YES;
				ONLY_ACTIVE_ARCH = YES;
				SDKROOT = iphoneos;
				SWIFT_ACTIVE_COMPILATION_CONDITIONS = DEBUG;
				SWIFT_OPTIMIZATION_LEVEL = "-Onone";
			};
			name = Debug;
		};
		9B88A834297FF7E100BB9A4A /* Release */ = {
			isa = XCBuildConfiguration;
			buildSettings = {
				ALWAYS_SEARCH_USER_PATHS = NO;
				CLANG_ANALYZER_NONNULL = YES;
				CLANG_ANALYZER_NUMBER_OBJECT_CONVERSION = YES_AGGRESSIVE;
				CLANG_CXX_LANGUAGE_STANDARD = "gnu++17";
				CLANG_ENABLE_MODULES = YES;
				CLANG_ENABLE_OBJC_ARC = YES;
				CLANG_ENABLE_OBJC_WEAK = YES;
				CLANG_WARN_BLOCK_CAPTURE_AUTORELEASING = YES;
				CLANG_WARN_BOOL_CONVERSION = YES;
				CLANG_WARN_COMMA = YES;
				CLANG_WARN_CONSTANT_CONVERSION = YES;
				CLANG_WARN_DEPRECATED_OBJC_IMPLEMENTATIONS = YES;
				CLANG_WARN_DIRECT_OBJC_ISA_USAGE = YES_ERROR;
				CLANG_WARN_DOCUMENTATION_COMMENTS = YES;
				CLANG_WARN_EMPTY_BODY = YES;
				CLANG_WARN_ENUM_CONVERSION = YES;
				CLANG_WARN_INFINITE_RECURSION = YES;
				CLANG_WARN_INT_CONVERSION = YES;
				CLANG_WARN_NON_LITERAL_NULL_CONVERSION = YES;
				CLANG_WARN_OBJC_IMPLICIT_RETAIN_SELF = YES;
				CLANG_WARN_OBJC_LITERAL_CONVERSION = YES;
				CLANG_WARN_OBJC_ROOT_CLASS = YES_ERROR;
				CLANG_WARN_QUOTED_INCLUDE_IN_FRAMEWORK_HEADER = YES;
				CLANG_WARN_RANGE_LOOP_ANALYSIS = YES;
				CLANG_WARN_STRICT_PROTOTYPES = YES;
				CLANG_WARN_SUSPICIOUS_MOVE = YES;
				CLANG_WARN_UNGUARDED_AVAILABILITY = YES_AGGRESSIVE;
				CLANG_WARN_UNREACHABLE_CODE = YES;
				CLANG_WARN__DUPLICATE_METHOD_MATCH = YES;
				COPY_PHASE_STRIP = NO;
				DEBUG_INFORMATION_FORMAT = "dwarf-with-dsym";
				ENABLE_NS_ASSERTIONS = NO;
				ENABLE_STRICT_OBJC_MSGSEND = YES;
				GCC_C_LANGUAGE_STANDARD = gnu11;
				GCC_NO_COMMON_BLOCKS = YES;
				GCC_WARN_64_TO_32_BIT_CONVERSION = YES;
				GCC_WARN_ABOUT_RETURN_TYPE = YES_ERROR;
				GCC_WARN_UNDECLARED_SELECTOR = YES;
				GCC_WARN_UNINITIALIZED_AUTOS = YES_AGGRESSIVE;
				GCC_WARN_UNUSED_FUNCTION = YES;
				GCC_WARN_UNUSED_VARIABLE = YES;
				IPHONEOS_DEPLOYMENT_TARGET = 15.5;
				MTL_ENABLE_DEBUG_INFO = NO;
				MTL_FAST_MATH = YES;
				SDKROOT = iphoneos;
				SWIFT_COMPILATION_MODE = wholemodule;
				SWIFT_OPTIMIZATION_LEVEL = "-O";
				VALIDATE_PRODUCT = YES;
			};
			name = Release;
		};
		9B88A836297FF7E100BB9A4A /* Debug */ = {
			isa = XCBuildConfiguration;
			buildSettings = {
				ASSETCATALOG_COMPILER_APPICON_NAME = AppIcon;
				ASSETCATALOG_COMPILER_GLOBAL_ACCENT_COLOR_NAME = AccentColor;
				CODE_SIGN_STYLE = Automatic;
				CURRENT_PROJECT_VERSION = 1;
				DEVELOPMENT_ASSET_PATHS = "\"CountirsUsingGraphQl/Preview Content\"";
				ENABLE_PREVIEWS = YES;
				GENERATE_INFOPLIST_FILE = YES;
				INFOPLIST_KEY_UIApplicationSceneManifest_Generation = YES;
				INFOPLIST_KEY_UIApplicationSupportsIndirectInputEvents = YES;
				INFOPLIST_KEY_UILaunchScreen_Generation = YES;
				INFOPLIST_KEY_UISupportedInterfaceOrientations_iPad = "UIInterfaceOrientationPortrait UIInterfaceOrientationPortraitUpsideDown UIInterfaceOrientationLandscapeLeft UIInterfaceOrientationLandscapeRight";
				INFOPLIST_KEY_UISupportedInterfaceOrientations_iPhone = "UIInterfaceOrientationPortrait UIInterfaceOrientationLandscapeLeft UIInterfaceOrientationLandscapeRight";
				LD_RUNPATH_SEARCH_PATHS = (
					"$(inherited)",
					"@executable_path/Frameworks",
				);
				MARKETING_VERSION = 1.0;
				PRODUCT_BUNDLE_IDENTIFIER = nourallah.CountirsUsingGraphQl;
				PRODUCT_NAME = "$(TARGET_NAME)";
				SWIFT_EMIT_LOC_STRINGS = YES;
				SWIFT_VERSION = 5.0;
				TARGETED_DEVICE_FAMILY = "1,2";
			};
			name = Debug;
		};
		9B88A837297FF7E100BB9A4A /* Release */ = {
			isa = XCBuildConfiguration;
			buildSettings = {
				ASSETCATALOG_COMPILER_APPICON_NAME = AppIcon;
				ASSETCATALOG_COMPILER_GLOBAL_ACCENT_COLOR_NAME = AccentColor;
				CODE_SIGN_STYLE = Automatic;
				CURRENT_PROJECT_VERSION = 1;
				DEVELOPMENT_ASSET_PATHS = "\"CountirsUsingGraphQl/Preview Content\"";
				ENABLE_PREVIEWS = YES;
				GENERATE_INFOPLIST_FILE = YES;
				INFOPLIST_KEY_UIApplicationSceneManifest_Generation = YES;
				INFOPLIST_KEY_UIApplicationSupportsIndirectInputEvents = YES;
				INFOPLIST_KEY_UILaunchScreen_Generation = YES;
				INFOPLIST_KEY_UISupportedInterfaceOrientations_iPad = "UIInterfaceOrientationPortrait UIInterfaceOrientationPortraitUpsideDown UIInterfaceOrientationLandscapeLeft UIInterfaceOrientationLandscapeRight";
				INFOPLIST_KEY_UISupportedInterfaceOrientations_iPhone = "UIInterfaceOrientationPortrait UIInterfaceOrientationLandscapeLeft UIInterfaceOrientationLandscapeRight";
				LD_RUNPATH_SEARCH_PATHS = (
					"$(inherited)",
					"@executable_path/Frameworks",
				);
				MARKETING_VERSION = 1.0;
				PRODUCT_BUNDLE_IDENTIFIER = nourallah.CountirsUsingGraphQl;
				PRODUCT_NAME = "$(TARGET_NAME)";
				SWIFT_EMIT_LOC_STRINGS = YES;
				SWIFT_VERSION = 5.0;
				TARGETED_DEVICE_FAMILY = "1,2";
			};
			name = Release;
		};
		9B88A839297FF7E100BB9A4A /* Debug */ = {
			isa = XCBuildConfiguration;
			buildSettings = {
				ALWAYS_EMBED_SWIFT_STANDARD_LIBRARIES = YES;
				BUNDLE_LOADER = "$(TEST_HOST)";
				CODE_SIGN_STYLE = Automatic;
				CURRENT_PROJECT_VERSION = 1;
				GENERATE_INFOPLIST_FILE = YES;
				IPHONEOS_DEPLOYMENT_TARGET = 15.5;
				MARKETING_VERSION = 1.0;
				PRODUCT_BUNDLE_IDENTIFIER = nourallah.CountirsUsingGraphQlTests;
				PRODUCT_NAME = "$(TARGET_NAME)";
				SWIFT_EMIT_LOC_STRINGS = NO;
				SWIFT_VERSION = 5.0;
				TARGETED_DEVICE_FAMILY = "1,2";
				TEST_HOST = "$(BUILT_PRODUCTS_DIR)/CountirsUsingGraphQl.app/CountirsUsingGraphQl";
			};
			name = Debug;
		};
		9B88A83A297FF7E100BB9A4A /* Release */ = {
			isa = XCBuildConfiguration;
			buildSettings = {
				ALWAYS_EMBED_SWIFT_STANDARD_LIBRARIES = YES;
				BUNDLE_LOADER = "$(TEST_HOST)";
				CODE_SIGN_STYLE = Automatic;
				CURRENT_PROJECT_VERSION = 1;
				GENERATE_INFOPLIST_FILE = YES;
				IPHONEOS_DEPLOYMENT_TARGET = 15.5;
				MARKETING_VERSION = 1.0;
				PRODUCT_BUNDLE_IDENTIFIER = nourallah.CountirsUsingGraphQlTests;
				PRODUCT_NAME = "$(TARGET_NAME)";
				SWIFT_EMIT_LOC_STRINGS = NO;
				SWIFT_VERSION = 5.0;
				TARGETED_DEVICE_FAMILY = "1,2";
				TEST_HOST = "$(BUILT_PRODUCTS_DIR)/CountirsUsingGraphQl.app/CountirsUsingGraphQl";
			};
			name = Release;
		};
		9B88A83C297FF7E100BB9A4A /* Debug */ = {
			isa = XCBuildConfiguration;
			buildSettings = {
				ALWAYS_EMBED_SWIFT_STANDARD_LIBRARIES = YES;
				CODE_SIGN_STYLE = Automatic;
				CURRENT_PROJECT_VERSION = 1;
				GENERATE_INFOPLIST_FILE = YES;
				MARKETING_VERSION = 1.0;
				PRODUCT_BUNDLE_IDENTIFIER = nourallah.CountirsUsingGraphQlUITests;
				PRODUCT_NAME = "$(TARGET_NAME)";
				SWIFT_EMIT_LOC_STRINGS = NO;
				SWIFT_VERSION = 5.0;
				TARGETED_DEVICE_FAMILY = "1,2";
				TEST_TARGET_NAME = CountirsUsingGraphQl;
			};
			name = Debug;
		};
		9B88A83D297FF7E100BB9A4A /* Release */ = {
			isa = XCBuildConfiguration;
			buildSettings = {
				ALWAYS_EMBED_SWIFT_STANDARD_LIBRARIES = YES;
				CODE_SIGN_STYLE = Automatic;
				CURRENT_PROJECT_VERSION = 1;
				GENERATE_INFOPLIST_FILE = YES;
				MARKETING_VERSION = 1.0;
				PRODUCT_BUNDLE_IDENTIFIER = nourallah.CountirsUsingGraphQlUITests;
				PRODUCT_NAME = "$(TARGET_NAME)";
				SWIFT_EMIT_LOC_STRINGS = NO;
				SWIFT_VERSION = 5.0;
				TARGETED_DEVICE_FAMILY = "1,2";
				TEST_TARGET_NAME = CountirsUsingGraphQl;
			};
			name = Release;
		};
/* End XCBuildConfiguration section */

/* Begin XCConfigurationList section */
		9B88A80C297FF7DD00BB9A4A /* Build configuration list for PBXProject "CountirsUsingGraphQl" */ = {
			isa = XCConfigurationList;
			buildConfigurations = (
				9B88A833297FF7E100BB9A4A /* Debug */,
				9B88A834297FF7E100BB9A4A /* Release */,
			);
			defaultConfigurationIsVisible = 0;
			defaultConfigurationName = Release;
		};
		9B88A835297FF7E100BB9A4A /* Build configuration list for PBXNativeTarget "CountirsUsingGraphQl" */ = {
			isa = XCConfigurationList;
			buildConfigurations = (
				9B88A836297FF7E100BB9A4A /* Debug */,
				9B88A837297FF7E100BB9A4A /* Release */,
			);
			defaultConfigurationIsVisible = 0;
			defaultConfigurationName = Release;
		};
		9B88A838297FF7E100BB9A4A /* Build configuration list for PBXNativeTarget "CountirsUsingGraphQlTests" */ = {
			isa = XCConfigurationList;
			buildConfigurations = (
				9B88A839297FF7E100BB9A4A /* Debug */,
				9B88A83A297FF7E100BB9A4A /* Release */,
			);
			defaultConfigurationIsVisible = 0;
			defaultConfigurationName = Release;
		};
		9B88A83B297FF7E100BB9A4A /* Build configuration list for PBXNativeTarget "CountirsUsingGraphQlUITests" */ = {
			isa = XCConfigurationList;
			buildConfigurations = (
				9B88A83C297FF7E100BB9A4A /* Debug */,
				9B88A83D297FF7E100BB9A4A /* Release */,
			);
			defaultConfigurationIsVisible = 0;
			defaultConfigurationName = Release;
		};
/* End XCConfigurationList section */

/* Begin XCRemoteSwiftPackageReference section */
		9B88A8682980003C00BB9A4A /* XCRemoteSwiftPackageReference "apollo-ios" */ = {
			isa = XCRemoteSwiftPackageReference;
			repositoryURL = "https://github.com/apollographql/apollo-ios.git";
			requirement = {
				kind = upToNextMajorVersion;
				minimumVersion = 0.43.0;
			};
		};
/* End XCRemoteSwiftPackageReference section */

/* Begin XCSwiftPackageProductDependency section */
		9B88A8692980003C00BB9A4A /* Apollo */ = {
			isa = XCSwiftPackageProductDependency;
			package = 9B88A8682980003C00BB9A4A /* XCRemoteSwiftPackageReference "apollo-ios" */;
			productName = Apollo;
		};
/* End XCSwiftPackageProductDependency section */
	};
	rootObject = 9B88A809297FF7DD00BB9A4A /* Project object */;
}
